
Microsoft Visual Studio Solution File, Format Version 12.00
Project("{2150E333-8FDC-42A3-9474-1A3956D46DE8}") = ".solutionItems", ".solutionItems", "{87C3DD03-31FE-4D00-B7BF-D492D6299427}"
ProjectSection(SolutionItems) = preProject
	.editorconfig = .editorconfig
	.gitattributes = .gitattributes
	.gitignore = .gitignore
	CHANGELOG.md = CHANGELOG.md
	LICENSE = LICENSE
	README.md = README.md
	CONTRIBUTING.md = CONTRIBUTING.md
	Directory.Build.targets = Directory.Build.targets
	Directory.Build.props = Directory.Build.props
EndProjectSection
EndProject
Project("{FAE04EC0-301F-11D3-BF4B-00C04F79EFBC}") = "GameFinder.Tests", "GameFinder.Tests\GameFinder.Tests.csproj", "{71531212-A31A-4C35-AFC1-15BDDDC0F668}"
EndProject
Project("{FAE04EC0-301F-11D3-BF4B-00C04F79EFBC}") = "GameFinder.RegistryUtils", "GameFinder.RegistryUtils\GameFinder.RegistryUtils.csproj", "{BED6FB0B-C200-4651-BCE8-2DD9210FC7CF}"
EndProject
Project("{FAE04EC0-301F-11D3-BF4B-00C04F79EFBC}") = "GameFinder.StoreHandlers.Steam", "GameFinder.StoreHandlers.Steam\GameFinder.StoreHandlers.Steam.csproj", "{3CADF882-5158-4D2E-B15C-D54F5FE89B30}"
EndProject
Project("{FAE04EC0-301F-11D3-BF4B-00C04F79EFBC}") = "GameFinder.StoreHandlers.GOG", "GameFinder.StoreHandlers.GOG\GameFinder.StoreHandlers.GOG.csproj", "{6F00D927-358E-41A4-8DDF-471B1514128B}"
EndProject
Project("{FAE04EC0-301F-11D3-BF4B-00C04F79EFBC}") = "GameFinder.StoreHandlers.EGS", "GameFinder.StoreHandlers.EGS\GameFinder.StoreHandlers.EGS.csproj", "{58A62CC7-4A61-4218-9F93-CE85FDF00E15}"
EndProject
Project("{2150E333-8FDC-42A3-9474-1A3956D46DE8}") = "StoreHandlers", "StoreHandlers", "{B765999C-AB3D-495F-9F5E-9108F2D4FE33}"
EndProject
Project("{2150E333-8FDC-42A3-9474-1A3956D46DE8}") = "Core", "Core", "{ECE67CD3-8B5F-4164-BDB4-CB1E1B75CD4F}"
EndProject
Project("{2150E333-8FDC-42A3-9474-1A3956D46DE8}") = "Tests", "Tests", "{C251E8BF-9AFB-420F-ABF1-48226A552601}"
EndProject
Project("{2150E333-8FDC-42A3-9474-1A3956D46DE8}") = "Other", "Other", "{D87C0BCE-A8A8-4675-B397-6F971B4041C6}"
EndProject
Project("{FAE04EC0-301F-11D3-BF4B-00C04F79EFBC}") = "GameFinder.Example", "GameFinder.Example\GameFinder.Example.csproj", "{DFC0FA99-91A5-4CC0-A12C-1CAA84D2CB53}"
EndProject
Project("{FAE04EC0-301F-11D3-BF4B-00C04F79EFBC}") = "GameFinder.StoreHandlers.Origin", "GameFinder.StoreHandlers.Origin\GameFinder.StoreHandlers.Origin.csproj", "{82126DC0-0DF8-4430-9DB7-7326A0192E48}"
EndProject
Global
	GlobalSection(SolutionConfigurationPlatforms) = preSolution
		Debug|Any CPU = Debug|Any CPU
		Release|Any CPU = Release|Any CPU
	EndGlobalSection
	GlobalSection(ProjectConfigurationPlatforms) = postSolution
		{71531212-A31A-4C35-AFC1-15BDDDC0F668}.Debug|Any CPU.ActiveCfg = Debug|Any CPU
		{71531212-A31A-4C35-AFC1-15BDDDC0F668}.Debug|Any CPU.Build.0 = Debug|Any CPU
		{71531212-A31A-4C35-AFC1-15BDDDC0F668}.Release|Any CPU.ActiveCfg = Release|Any CPU
		{71531212-A31A-4C35-AFC1-15BDDDC0F668}.Release|Any CPU.Build.0 = Release|Any CPU
		{BED6FB0B-C200-4651-BCE8-2DD9210FC7CF}.Debug|Any CPU.ActiveCfg = Debug|Any CPU
		{BED6FB0B-C200-4651-BCE8-2DD9210FC7CF}.Debug|Any CPU.Build.0 = Debug|Any CPU
		{BED6FB0B-C200-4651-BCE8-2DD9210FC7CF}.Release|Any CPU.ActiveCfg = Release|Any CPU
		{BED6FB0B-C200-4651-BCE8-2DD9210FC7CF}.Release|Any CPU.Build.0 = Release|Any CPU
		{3CADF882-5158-4D2E-B15C-D54F5FE89B30}.Debug|Any CPU.ActiveCfg = Debug|Any CPU
		{3CADF882-5158-4D2E-B15C-D54F5FE89B30}.Debug|Any CPU.Build.0 = Debug|Any CPU
		{3CADF882-5158-4D2E-B15C-D54F5FE89B30}.Release|Any CPU.ActiveCfg = Release|Any CPU
		{3CADF882-5158-4D2E-B15C-D54F5FE89B30}.Release|Any CPU.Build.0 = Release|Any CPU
		{6F00D927-358E-41A4-8DDF-471B1514128B}.Debug|Any CPU.ActiveCfg = Debug|Any CPU
		{6F00D927-358E-41A4-8DDF-471B1514128B}.Debug|Any CPU.Build.0 = Debug|Any CPU
		{6F00D927-358E-41A4-8DDF-471B1514128B}.Release|Any CPU.ActiveCfg = Release|Any CPU
		{6F00D927-358E-41A4-8DDF-471B1514128B}.Release|Any CPU.Build.0 = Release|Any CPU
		{58A62CC7-4A61-4218-9F93-CE85FDF00E15}.Debug|Any CPU.ActiveCfg = Debug|Any CPU
		{58A62CC7-4A61-4218-9F93-CE85FDF00E15}.Debug|Any CPU.Build.0 = Debug|Any CPU
		{58A62CC7-4A61-4218-9F93-CE85FDF00E15}.Release|Any CPU.ActiveCfg = Release|Any CPU
		{58A62CC7-4A61-4218-9F93-CE85FDF00E15}.Release|Any CPU.Build.0 = Release|Any CPU
		{DFC0FA99-91A5-4CC0-A12C-1CAA84D2CB53}.Debug|Any CPU.ActiveCfg = Debug|Any CPU
		{DFC0FA99-91A5-4CC0-A12C-1CAA84D2CB53}.Debug|Any CPU.Build.0 = Debug|Any CPU
		{DFC0FA99-91A5-4CC0-A12C-1CAA84D2CB53}.Release|Any CPU.ActiveCfg = Release|Any CPU
		{DFC0FA99-91A5-4CC0-A12C-1CAA84D2CB53}.Release|Any CPU.Build.0 = Release|Any CPU
		{82126DC0-0DF8-4430-9DB7-7326A0192E48}.Debug|Any CPU.ActiveCfg = Debug|Any CPU
		{82126DC0-0DF8-4430-9DB7-7326A0192E48}.Debug|Any CPU.Build.0 = Debug|Any CPU
		{82126DC0-0DF8-4430-9DB7-7326A0192E48}.Release|Any CPU.ActiveCfg = Release|Any CPU
		{82126DC0-0DF8-4430-9DB7-7326A0192E48}.Release|Any CPU.Build.0 = Release|Any CPU
	EndGlobalSection
	GlobalSection(NestedProjects) = preSolution
		{58A62CC7-4A61-4218-9F93-CE85FDF00E15} = {B765999C-AB3D-495F-9F5E-9108F2D4FE33}
		{6F00D927-358E-41A4-8DDF-471B1514128B} = {B765999C-AB3D-495F-9F5E-9108F2D4FE33}
		{3CADF882-5158-4D2E-B15C-D54F5FE89B30} = {B765999C-AB3D-495F-9F5E-9108F2D4FE33}
		{BED6FB0B-C200-4651-BCE8-2DD9210FC7CF} = {ECE67CD3-8B5F-4164-BDB4-CB1E1B75CD4F}
		{71531212-A31A-4C35-AFC1-15BDDDC0F668} = {C251E8BF-9AFB-420F-ABF1-48226A552601}
		{DFC0FA99-91A5-4CC0-A12C-1CAA84D2CB53} = {D87C0BCE-A8A8-4675-B397-6F971B4041C6}
		{82126DC0-0DF8-4430-9DB7-7326A0192E48} = {B765999C-AB3D-495F-9F5E-9108F2D4FE33}
	EndGlobalSection
EndGlobal
